
Microsoft Visual Studio Solution File, Format Version 12.00
Project("{FAE04EC0-301F-11D3-BF4B-00C04F79EFBC}") = "QuadTreeHPAStar", "QuadTreeHPAStar.csproj", "{ACA5BD93-FD31-4422-ACEA-D62A96CC0DAA}"
EndProject
Global
	GlobalSection(SolutionConfigurationPlatforms) = preSolution
		Debug|Any CPU = Debug|Any CPU
		Release|Any CPU = Release|Any CPU
	EndGlobalSection
	GlobalSection(ProjectConfigurationPlatforms) = postSolution
		{ACA5BD93-FD31-4422-ACEA-D62A96CC0DAA}.Debug|Any CPU.ActiveCfg = Debug|Any CPU
		{ACA5BD93-FD31-4422-ACEA-D62A96CC0DAA}.Debug|Any CPU.Build.0 = Debug|Any CPU
		{ACA5BD93-FD31-4422-ACEA-D62A96CC0DAA}.Release|Any CPU.ActiveCfg = Release|Any CPU
		{ACA5BD93-FD31-4422-ACEA-D62A96CC0DAA}.Release|Any CPU.Build.0 = Release|Any CPU
	EndGlobalSection
EndGlobal
